
Microsoft Visual Studio Solution File, Format Version 12.00
# Visual Studio Version 17
VisualStudioVersion = 17.0.31903.59
MinimumVisualStudioVersion = 10.0.40219.1
Project("{2150E333-8FDC-42A3-9474-1A3956D46DE8}") = "src", "src", "{95758882-174D-4B9E-976F-261E52FC5152}"
EndProject
Project("{FAE04EC0-301F-11D3-BF4B-00C04F79EFBC}") = "MachSoft.Template.Core", "src\MachSoft.Template.Core\MachSoft.Template.Core.csproj", "{E577D12C-100E-4A0F-BE89-8BE07488FDCF}"
EndProject
Project("{FAE04EC0-301F-11D3-BF4B-00C04F79EFBC}") = "MachSoft.Template.Official.Server", "src\MachSoft.Template.Official.Server\MachSoft.Template.Official.Server.csproj", "{B2C1E08E-E6F1-473E-98E6-4917A1599986}"
EndProject
Project("{FAE04EC0-301F-11D3-BF4B-00C04F79EFBC}") = "MachSoft.Template.Official.Wasm", "src\MachSoft.Template.Official.Wasm\MachSoft.Template.Official.Wasm.csproj", "{C739C5D0-3F43-4538-B239-B6A133C79E72}"
EndProject
Project("{FAE04EC0-301F-11D3-BF4B-00C04F79EFBC}") = "MachSoft.Template.Core.Control", "src\MachSoft.Template.Core.Control\MachSoft.Template.Core.Control.csproj", "{141C0229-4E4D-4CC0-A49D-FF3E80D7D0AB}"
EndProject
Project("{FAE04EC0-301F-11D3-BF4B-00C04F79EFBC}") = "MachSoft.Template.Core.Control.Showcase", "src\MachSoft.Template.Core.Control.Showcase\MachSoft.Template.Core.Control.Showcase.csproj", "{4A821037-6B9B-4093-ADA0-DFFA6C9595E9}"
EndProject
Global
	GlobalSection(SolutionConfigurationPlatforms) = preSolution
		Debug|Any CPU = Debug|Any CPU
		Release|Any CPU = Release|Any CPU
	EndGlobalSection
	GlobalSection(SolutionProperties) = preSolution
		HideSolutionNode = FALSE
	EndGlobalSection
	GlobalSection(ProjectConfigurationPlatforms) = postSolution
		{E577D12C-100E-4A0F-BE89-8BE07488FDCF}.Debug|Any CPU.ActiveCfg = Debug|Any CPU
		{E577D12C-100E-4A0F-BE89-8BE07488FDCF}.Debug|Any CPU.Build.0 = Debug|Any CPU
		{E577D12C-100E-4A0F-BE89-8BE07488FDCF}.Release|Any CPU.ActiveCfg = Release|Any CPU
		{E577D12C-100E-4A0F-BE89-8BE07488FDCF}.Release|Any CPU.Build.0 = Release|Any CPU
		{B2C1E08E-E6F1-473E-98E6-4917A1599986}.Debug|Any CPU.ActiveCfg = Debug|Any CPU
		{B2C1E08E-E6F1-473E-98E6-4917A1599986}.Debug|Any CPU.Build.0 = Debug|Any CPU
		{B2C1E08E-E6F1-473E-98E6-4917A1599986}.Release|Any CPU.ActiveCfg = Release|Any CPU
		{B2C1E08E-E6F1-473E-98E6-4917A1599986}.Release|Any CPU.Build.0 = Release|Any CPU
		{C739C5D0-3F43-4538-B239-B6A133C79E72}.Debug|Any CPU.ActiveCfg = Debug|Any CPU
		{C739C5D0-3F43-4538-B239-B6A133C79E72}.Debug|Any CPU.Build.0 = Debug|Any CPU
		{C739C5D0-3F43-4538-B239-B6A133C79E72}.Release|Any CPU.ActiveCfg = Release|Any CPU
		{C739C5D0-3F43-4538-B239-B6A133C79E72}.Release|Any CPU.Build.0 = Release|Any CPU
		{141C0229-4E4D-4CC0-A49D-FF3E80D7D0AB}.Debug|Any CPU.ActiveCfg = Debug|Any CPU
		{141C0229-4E4D-4CC0-A49D-FF3E80D7D0AB}.Debug|Any CPU.Build.0 = Debug|Any CPU
		{141C0229-4E4D-4CC0-A49D-FF3E80D7D0AB}.Release|Any CPU.ActiveCfg = Release|Any CPU
		{141C0229-4E4D-4CC0-A49D-FF3E80D7D0AB}.Release|Any CPU.Build.0 = Release|Any CPU
		{4A821037-6B9B-4093-ADA0-DFFA6C9595E9}.Debug|Any CPU.ActiveCfg = Debug|Any CPU
		{4A821037-6B9B-4093-ADA0-DFFA6C9595E9}.Debug|Any CPU.Build.0 = Debug|Any CPU
		{4A821037-6B9B-4093-ADA0-DFFA6C9595E9}.Release|Any CPU.ActiveCfg = Release|Any CPU
		{4A821037-6B9B-4093-ADA0-DFFA6C9595E9}.Release|Any CPU.Build.0 = Release|Any CPU
	EndGlobalSection
	GlobalSection(NestedProjects) = preSolution
		{E577D12C-100E-4A0F-BE89-8BE07488FDCF} = {95758882-174D-4B9E-976F-261E52FC5152}
		{B2C1E08E-E6F1-473E-98E6-4917A1599986} = {95758882-174D-4B9E-976F-261E52FC5152}
		{C739C5D0-3F43-4538-B239-B6A133C79E72} = {95758882-174D-4B9E-976F-261E52FC5152}
		{141C0229-4E4D-4CC0-A49D-FF3E80D7D0AB} = {95758882-174D-4B9E-976F-261E52FC5152}
		{4A821037-6B9B-4093-ADA0-DFFA6C9595E9} = {95758882-174D-4B9E-976F-261E52FC5152}
	EndGlobalSection
EndGlobal
